# This is a Gradle generated file for dependency locking.
# Manual edits can break the build and are not advised.
# This file is expected to be part of source control.
com.google.code.findbugs:jsr305:3.0.2=runtimeClasspath,testRuntimeClasspath
com.google.errorprone:error_prone_annotations:2.28.0=runtimeClasspath,testRuntimeClasspath
com.google.guava:failureaccess:1.0.2=runtimeClasspath,testRuntimeClasspath
com.google.guava:guava:33.3.1-jre=runtimeClasspath,testRuntimeClasspath
com.google.guava:listenablefuture:9999.0-empty-to-avoid-conflict-with-guava=runtimeClasspath,testRuntimeClasspath
com.google.j2objc:j2objc-annotations:3.0.0=runtimeClasspath,testRuntimeClasspath
org.checkerframework:checker-qual:3.43.0=runtimeClasspath,testRuntimeClasspath
org.codehaus.groovy:groovy:3.0.3=compileClasspath,runtimeClasspath,testCompileClasspath,testRuntimeClasspath
empty=annotationProcessor,testAnnotationProcessor
