# This is a Gradle generated file for dependency locking.
# Manual edits can break the build and are not advised.
# This file is expected to be part of source control.
org.jetbrains.intellij.deps:trove4j:1.0.20181211=kotlinCompilerClasspath
org.jetbrains.kotlin:kotlin-allopen:1.3.21=kotlinCompilerPluginClasspath
org.jetbrains.kotlin:kotlin-compiler-embeddable:1.3.21=kotlinCompilerClasspath
org.jetbrains.kotlin:kotlin-noarg:1.3.21=kotlinCompilerPluginClasspath
org.jetbrains.kotlin:kotlin-reflect:1.3.21=kotlinCompilerClasspath,testApiDependenciesMetadata,testCompile,testCompileClasspath,testImplementationDependenciesMetadata,testRuntime,testRuntimeClasspath
org.jetbrains.kotlin:kotlin-script-runtime:1.3.21=kotlinCompilerClasspath
org.jetbrains.kotlin:kotlin-scripting-compiler-embeddable:1.3.21=kotlinCompilerPluginClasspath
org.jetbrains.kotlin:kotlin-stdlib-common:1.3.21=apiDependenciesMetadata,compile,compileClasspath,implementationDependenciesMetadata,kotlinCompilerClasspath,runtime,runtimeClasspath,testApiDependenciesMetadata,testCompile,testCompileClasspath,testImplementationDependenciesMetadata,testRuntime,testRuntimeClasspath
org.jetbrains.kotlin:kotlin-stdlib-jdk7:1.3.21=apiDependenciesMetadata,compile,compileClasspath,implementationDependenciesMetadata,runtime,runtimeClasspath,testCompileClasspath,testImplementationDependenciesMetadata,testRuntimeClasspath
org.jetbrains.kotlin:kotlin-stdlib-jdk8:1.3.21=apiDependenciesMetadata,compile,compileClasspath,implementationDependenciesMetadata,runtime,runtimeClasspath,testCompileClasspath,testImplementationDependenciesMetadata,testRuntimeClasspath
org.jetbrains.kotlin:kotlin-stdlib:1.3.21=apiDependenciesMetadata,compile,compileClasspath,implementationDependenciesMetadata,kotlinCompilerClasspath,runtime,runtimeClasspath,testApiDependenciesMetadata,testCompile,testCompileClasspath,testImplementationDependenciesMetadata,testRuntime,testRuntimeClasspath
org.jetbrains:annotations:13.0=apiDependenciesMetadata,compile,compileClasspath,implementationDependenciesMetadata,kotlinCompilerClasspath,runtime,runtimeClasspath,testApiDependenciesMetadata,testCompile,testCompileClasspath,testImplementationDependenciesMetadata,testRuntime,testRuntimeClasspath
empty=annotationProcessor,compileOnly,compileOnlyDependenciesMetadata,kotlinNativeCompilerPluginClasspath,kotlinScriptDef,kotlinScriptDefExtensions,runtimeOnlyDependenciesMetadata,testAnnotationProcessor,testCompileOnly,testCompileOnlyDependenciesMetadata,testKotlinScriptDef,testKotlinScriptDefExtensions,testRuntimeOnlyDependenciesMetadata
